Microsoft Visual Studio Solution File, Format Version 12.00
# Visual Studio Version 17
VisualStudioVersion = 17.5.2.0
MinimumVisualStudioVersion = 10.0.40219.1
Project("{2150E333-8FDC-42A3-9474-1A3956D46DE8}") = "Criando Chat em .NET", "Criando Chat em .NET", "{41BC06DC-3B34-3E77-D657-9BB9ABEE9AC2}"
EndProject
Project("{FAE04EC0-301F-11D3-BF4B-00C04F79EFBC}") = "ChatClient", "Criando Chat em .NET\Client\ChatClient.csproj", "{E1EE54A9-F628-F08C-B873-374957FFC1BD}"
EndProject
Project("{FAE04EC0-301F-11D3-BF4B-00C04F79EFBC}") = "Chat", "Criando Chat em .NET\Server\Chat.csproj", "{D6BEC3BA-D89A-567C-C6D1-92F928B0C9B6}"
EndProject
Global
	GlobalSection(SolutionConfigurationPlatforms) = preSolution
		Debug|Any CPU = Debug|Any CPU
		Release|Any CPU = Release|Any CPU
	EndGlobalSection
	GlobalSection(ProjectConfigurationPlatforms) = postSolution
		{E1EE54A9-F628-F08C-B873-374957FFC1BD}.Debug|Any CPU.ActiveCfg = Debug|Any CPU
		{E1EE54A9-F628-F08C-B873-374957FFC1BD}.Debug|Any CPU.Build.0 = Debug|Any CPU
		{E1EE54A9-F628-F08C-B873-374957FFC1BD}.Release|Any CPU.ActiveCfg = Release|Any CPU
		{E1EE54A9-F628-F08C-B873-374957FFC1BD}.Release|Any CPU.Build.0 = Release|Any CPU
		{D6BEC3BA-D89A-567C-C6D1-92F928B0C9B6}.Debug|Any CPU.ActiveCfg = Debug|Any CPU
		{D6BEC3BA-D89A-567C-C6D1-92F928B0C9B6}.Debug|Any CPU.Build.0 = Debug|Any CPU
		{D6BEC3BA-D89A-567C-C6D1-92F928B0C9B6}.Release|Any CPU.ActiveCfg = Release|Any CPU
		{D6BEC3BA-D89A-567C-C6D1-92F928B0C9B6}.Release|Any CPU.Build.0 = Release|Any CPU
	EndGlobalSection
	GlobalSection(SolutionProperties) = preSolution
		HideSolutionNode = FALSE
	EndGlobalSection
	GlobalSection(NestedProjects) = preSolution
		{E1EE54A9-F628-F08C-B873-374957FFC1BD} = {41BC06DC-3B34-3E77-D657-9BB9ABEE9AC2}
		{D6BEC3BA-D89A-567C-C6D1-92F928B0C9B6} = {41BC06DC-3B34-3E77-D657-9BB9ABEE9AC2}
	EndGlobalSection
	GlobalSection(ExtensibilityGlobals) = postSolution
		SolutionGuid = {A2C4A5C1-736E-4A38-930D-D792B2C43FE3}
	EndGlobalSection
EndGlobal
